
Microsoft Visual Studio Solution File, Format Version 12.00
# Visual Studio Version 17
VisualStudioVersion = 17.8.34525.116
MinimumVisualStudioVersion = 10.0.40219.1
Project("{FAE04EC0-301F-11D3-BF4B-00C04F79EFBC}") = "Cap", "Cap\Cap.csproj", "{70258EC2-9876-4E26-9577-31D67A0BC3D2}"
EndProject
Project("{FAE04EC0-301F-11D3-BF4B-00C04F79EFBC}") = "Model", "Model\Model.csproj", "{7DAA67D3-9635-4A96-9345-4490C83CFB09}"
EndProject
Global
	GlobalSection(SolutionConfigurationPlatforms) = preSolution
		Debug|Any CPU = Debug|Any CPU
		Release|Any CPU = Release|Any CPU
	EndGlobalSection
	GlobalSection(ProjectConfigurationPlatforms) = postSolution
		{70258EC2-9876-4E26-9577-31D67A0BC3D2}.Debug|Any CPU.ActiveCfg = Debug|Any CPU
		{70258EC2-9876-4E26-9577-31D67A0BC3D2}.Debug|Any CPU.Build.0 = Debug|Any CPU
		{70258EC2-9876-4E26-9577-31D67A0BC3D2}.Release|Any CPU.ActiveCfg = Release|Any CPU
		{70258EC2-9876-4E26-9577-31D67A0BC3D2}.Release|Any CPU.Build.0 = Release|Any CPU
		{7DAA67D3-9635-4A96-9345-4490C83CFB09}.Debug|Any CPU.ActiveCfg = Debug|Any CPU
		{7DAA67D3-9635-4A96-9345-4490C83CFB09}.Debug|Any CPU.Build.0 = Debug|Any CPU
		{7DAA67D3-9635-4A96-9345-4490C83CFB09}.Release|Any CPU.ActiveCfg = Release|Any CPU
		{7DAA67D3-9635-4A96-9345-4490C83CFB09}.Release|Any CPU.Build.0 = Release|Any CPU
	EndGlobalSection
	GlobalSection(SolutionProperties) = preSolution
		HideSolutionNode = FALSE
	EndGlobalSection
	GlobalSection(ExtensibilityGlobals) = postSolution
		SolutionGuid = {7D2D9129-475C-4259-8B3A-918BC6BED931}
	EndGlobalSection
EndGlobal
